
Microsoft Visual Studio Solution File, Format Version 12.00
# Visual Studio Version 17
VisualStudioVersion = 17.3.32929.385
MinimumVisualStudioVersion = 10.0.40219.1
Project("{FAE04EC0-301F-11D3-BF4B-00C04F79EFBC}") = "Herbet_Ioana_Lab2", "Herbet_Ioana_Lab2.csproj", "{925CF3B0-83F8-4D13-B464-3FC02451CB3A}"
EndProject
Global
	GlobalSection(SolutionConfigurationPlatforms) = preSolution
		Debug|Any CPU = Debug|Any CPU
		Release|Any CPU = Release|Any CPU
	EndGlobalSection
	GlobalSection(ProjectConfigurationPlatforms) = postSolution
		{925CF3B0-83F8-4D13-B464-3FC02451CB3A}.Debug|Any CPU.ActiveCfg = Debug|Any CPU
		{925CF3B0-83F8-4D13-B464-3FC02451CB3A}.Debug|Any CPU.Build.0 = Debug|Any CPU
		{925CF3B0-83F8-4D13-B464-3FC02451CB3A}.Release|Any CPU.ActiveCfg = Release|Any CPU
		{925CF3B0-83F8-4D13-B464-3FC02451CB3A}.Release|Any CPU.Build.0 = Release|Any CPU
	EndGlobalSection
	GlobalSection(SolutionProperties) = preSolution
		HideSolutionNode = FALSE
	EndGlobalSection
	GlobalSection(ExtensibilityGlobals) = postSolution
		SolutionGuid = {110D2361-473C-400C-885D-76F781D81E9A}
	EndGlobalSection
EndGlobal
